{
  "name": "NWHACKS2024-1",
  "lockfileVersion": 3,
  "requires": true,
  "packages": {
    "": {
      "dependencies": {
        "@mappedin/mappedin-js": "^5.26.0"
      }
    },
    "node_modules/@mappedin/mappedin-js": {
      "version": "5.26.0",
      "resolved": "https://registry.npmjs.org/@mappedin/mappedin-js/-/mappedin-js-5.26.0.tgz",
      "integrity": "sha512-nHvOlckeAuvalnAcehYb6etCNWmsjr7cX5YeOwgtojnQjfro+LfDgaXSavyRkCFBrBG+FoZyHbsIZEoUFbeG8Q=="
    }
  }
}
